
Microsoft Visual Studio Solution File, Format Version 12.00
# Visual Studio Version 17
VisualStudioVersion = 17.11.35303.130
MinimumVisualStudioVersion = 10.0.40219.1
Project("{FAE04EC0-301F-11D3-BF4B-00C04F79EFBC}") = "BenchmarkDotNet.Exemplo", "BenchmarkDotNet.Exemplo\BenchmarkDotNet.Exemplo.csproj", "{BA317D99-4FB3-4CEA-945F-0F121EE0F2D5}"
EndProject
Global
	GlobalSection(SolutionConfigurationPlatforms) = preSolution
		Debug|Any CPU = Debug|Any CPU
		Release|Any CPU = Release|Any CPU
	EndGlobalSection
	GlobalSection(ProjectConfigurationPlatforms) = postSolution
		{BA317D99-4FB3-4CEA-945F-0F121EE0F2D5}.Debug|Any CPU.ActiveCfg = Debug|Any CPU
		{BA317D99-4FB3-4CEA-945F-0F121EE0F2D5}.Debug|Any CPU.Build.0 = Debug|Any CPU
		{BA317D99-4FB3-4CEA-945F-0F121EE0F2D5}.Release|Any CPU.ActiveCfg = Release|Any CPU
		{BA317D99-4FB3-4CEA-945F-0F121EE0F2D5}.Release|Any CPU.Build.0 = Release|Any CPU
	EndGlobalSection
	GlobalSection(SolutionProperties) = preSolution
		HideSolutionNode = FALSE
	EndGlobalSection
	GlobalSection(ExtensibilityGlobals) = postSolution
		SolutionGuid = {8FA3FD0C-9869-4B13-9A80-321B1021353D}
	EndGlobalSection
EndGlobal
